
Microsoft Visual Studio Solution File, Format Version 12.00
# Visual Studio Version 17
VisualStudioVersion = 17.9.34622.214
MinimumVisualStudioVersion = 10.0.40219.1
Project("{9A19103F-16F7-4668-BE54-9A1E7A4F7556}") = "Tenisu", "Tenisu\Tenisu.csproj", "{1F12564F-3532-40D6-A775-C3C5678F1D62}"
EndProject
Project("{FAE04EC0-301F-11D3-BF4B-00C04F79EFBC}") = "Tenisu_Test", "Tenisu_Test\Tenisu_Test.csproj", "{1B601040-6B67-4203-AC12-1DE948E83710}"
	ProjectSection(ProjectDependencies) = postProject
		{1F12564F-3532-40D6-A775-C3C5678F1D62} = {1F12564F-3532-40D6-A775-C3C5678F1D62}
	EndProjectSection
EndProject
Global
	GlobalSection(SolutionConfigurationPlatforms) = preSolution
		Debug|Any CPU = Debug|Any CPU
		Release|Any CPU = Release|Any CPU
	EndGlobalSection
	GlobalSection(ProjectConfigurationPlatforms) = postSolution
		{1F12564F-3532-40D6-A775-C3C5678F1D62}.Debug|Any CPU.ActiveCfg = Debug|Any CPU
		{1F12564F-3532-40D6-A775-C3C5678F1D62}.Debug|Any CPU.Build.0 = Debug|Any CPU
		{1F12564F-3532-40D6-A775-C3C5678F1D62}.Release|Any CPU.ActiveCfg = Release|Any CPU
		{1F12564F-3532-40D6-A775-C3C5678F1D62}.Release|Any CPU.Build.0 = Release|Any CPU
		{1B601040-6B67-4203-AC12-1DE948E83710}.Debug|Any CPU.ActiveCfg = Debug|Any CPU
		{1B601040-6B67-4203-AC12-1DE948E83710}.Debug|Any CPU.Build.0 = Debug|Any CPU
		{1B601040-6B67-4203-AC12-1DE948E83710}.Release|Any CPU.ActiveCfg = Release|Any CPU
		{1B601040-6B67-4203-AC12-1DE948E83710}.Release|Any CPU.Build.0 = Release|Any CPU
	EndGlobalSection
	GlobalSection(SolutionProperties) = preSolution
		HideSolutionNode = FALSE
	EndGlobalSection
	GlobalSection(ExtensibilityGlobals) = postSolution
		SolutionGuid = {27512CDD-E91C-410E-9A66-AA1F960BCD62}
	EndGlobalSection
EndGlobal
